
Microsoft Visual Studio Solution File, Format Version 12.00
# Visual Studio Version 16
VisualStudioVersion = 16.0.30907.101
MinimumVisualStudioVersion = 10.0.40219.1
Project("{FAE04EC0-301F-11D3-BF4B-00C04F79EFBC}") = "HangfireApplications.API", "HangfireApplications.API\HangfireApplications.API.csproj", "{86EA2451-0F31-47E2-A3F8-D42AAD04EE59}"
EndProject
Global
	GlobalSection(SolutionConfigurationPlatforms) = preSolution
		Debug|Any CPU = Debug|Any CPU
		Release|Any CPU = Release|Any CPU
	EndGlobalSection
	GlobalSection(ProjectConfigurationPlatforms) = postSolution
		{86EA2451-0F31-47E2-A3F8-D42AAD04EE59}.Debug|Any CPU.ActiveCfg = Debug|Any CPU
		{86EA2451-0F31-47E2-A3F8-D42AAD04EE59}.Debug|Any CPU.Build.0 = Debug|Any CPU
		{86EA2451-0F31-47E2-A3F8-D42AAD04EE59}.Release|Any CPU.ActiveCfg = Release|Any CPU
		{86EA2451-0F31-47E2-A3F8-D42AAD04EE59}.Release|Any CPU.Build.0 = Release|Any CPU
	EndGlobalSection
	GlobalSection(SolutionProperties) = preSolution
		HideSolutionNode = FALSE
	EndGlobalSection
	GlobalSection(ExtensibilityGlobals) = postSolution
		SolutionGuid = {33F73DCE-7983-4676-B56F-A9454EBE0F0B}
	EndGlobalSection
EndGlobal
